
Microsoft Visual Studio Solution File, Format Version 12.00
# Visual Studio Version 17
VisualStudioVersion = 17.12.35707.178
MinimumVisualStudioVersion = 10.0.40219.1
Project("{8BC9CEB8-8B4A-11D0-8D11-00A0C91BC942}") = "Game", "Game\Game.vcxproj", "{401CF65D-F971-40AA-80BD-C9947AD8EEB8}"
EndProject
Project("{8BC9CEB8-8B4A-11D0-8D11-00A0C91BC942}") = "NetClient", "NetClass\NetClass.vcxproj", "{5BF2FD08-9A7A-46F2-A119-6DD4471E74D2}"
EndProject
Project("{8BC9CEB8-8B4A-11D0-8D11-00A0C91BC942}") = "NetworkServer", "NetworkServer\NetworkServer.vcxproj", "{B09CD887-5415-4237-A3D4-33DAE04DA465}"
EndProject
Project("{2150E333-8FDC-42A3-9474-1A3956D46DE8}") = "2DGame", "2DGame", "{CF5ADE6E-1367-47F5-A953-11F6563FA3D0}"
EndProject
Project("{2150E333-8FDC-42A3-9474-1A3956D46DE8}") = "Network", "Network", "{2AF0EB61-90CE-41F8-B6EE-12C21ED70220}"
EndProject
Project("{8BC9CEB8-8B4A-11D0-8D11-00A0C91BC942}") = "NetNewClient", "NetNewClient\NetNewClient.vcxproj", "{FB384FD8-20B2-41B9-B5BD-7AF237B3D635}"
EndProject
Project("{8BC9CEB8-8B4A-11D0-8D11-00A0C91BC942}") = "NetNewServer", "NetNewServer\NetNewServer.vcxproj", "{C2AEF808-27FA-484B-ACDE-23CFFAFAB113}"
EndProject
Project("{8BC9CEB8-8B4A-11D0-8D11-00A0C91BC942}") = "NetNewServer2", "NetNewServer2\NetNewServer2.vcxproj", "{2F34EEFB-B56D-4B9A-B57A-97E37C7CD83F}"
EndProject
Project("{8BC9CEB8-8B4A-11D0-8D11-00A0C91BC942}") = "SCore", "SCore\SCore.vcxproj", "{7E1B7889-A273-43DE-8529-BF7E64CF8FB2}"
EndProject
Project("{8BC9CEB8-8B4A-11D0-8D11-00A0C91BC942}") = "SCoreSample", "SCoreSample\SCoreSample.vcxproj", "{5818536C-FE13-4C9B-BC93-7A68B42CFF78}"
EndProject
Project("{8BC9CEB8-8B4A-11D0-8D11-00A0C91BC942}") = "TNetWindow", "TNetWindow\TNetWindow.vcxproj", "{13F3F0CE-49C5-4B8E-9F31-FAA4CF47B5C3}"
EndProject
Project("{8BC9CEB8-8B4A-11D0-8D11-00A0C91BC942}") = "TGameCore", "TGameCore\TGameCore.vcxproj", "{5EDFF1BA-457D-4744-8E9D-2A3E7A803B21}"
EndProject
Project("{8BC9CEB8-8B4A-11D0-8D11-00A0C91BC942}") = "iocp_server", "iocp_server\iocp_server.vcxproj", "{F9D05DEE-EFEE-4532-ACCE-CF9EDEE05226}"
EndProject
Project("{8BC9CEB8-8B4A-11D0-8D11-00A0C91BC942}") = "IOCPServer", "IOCPServer\IOCPServer.vcxproj", "{3E06D4CF-A743-4B6F-8EEF-DE601479988A}"
EndProject
Project("{2150E333-8FDC-42A3-9474-1A3956D46DE8}") = "3Dgame", "3Dgame", "{EEDA61D3-2EDE-4015-83F0-F31227B61D0C}"
EndProject
Project("{8BC9CEB8-8B4A-11D0-8D11-00A0C91BC942}") = "SEngine", "SEngine\SEngine.vcxproj", "{B3900050-8CD0-4899-8AB2-92549639FBD0}"
EndProject
Project("{8BC9CEB8-8B4A-11D0-8D11-00A0C91BC942}") = "SEngineSample", "SEngineSample2\SEngineSample.vcxproj", "{8A38ADAA-4767-44EE-90B8-9DC9437A5144}"
EndProject
Project("{8BC9CEB8-8B4A-11D0-8D11-00A0C91BC942}") = "SEngineSample2", "SEngineSample2\SEngineSample2.vcxproj", "{D337F63D-9F32-493A-AE0D-4BC34B8755E3}"
EndProject
Project("{8BC9CEB8-8B4A-11D0-8D11-00A0C91BC942}") = "SEngineSample3", "SEngineSample3\SEngineSample3.vcxproj", "{8F0CE84F-2B65-4161-9255-AE9035608E7B}"
EndProject
Project("{8BC9CEB8-8B4A-11D0-8D11-00A0C91BC942}") = "SEngineSample4", "SEngineSample4\SEngineSample4.vcxproj", "{106D21A3-949A-46EA-A897-AAC2463A89E1}"
EndProject
Project("{8BC9CEB8-8B4A-11D0-8D11-00A0C91BC942}") = "BackJun", "BackJun\BackJun.vcxproj", "{67B2AFF5-7073-4D0A-983F-F61AAE88766A}"
EndProject
Project("{2150E333-8FDC-42A3-9474-1A3956D46DE8}") = "BakJun", "BakJun", "{13CCFDC2-1FD5-4CA1-93B1-FC4FE80B7F86}"
EndProject
Project("{8BC9CEB8-8B4A-11D0-8D11-00A0C91BC942}") = "FBXLoader_0", "FBXLoader_0\FBXLoader_0.vcxproj", "{730300E3-0BB1-458C-8CF9-265CAFB5496B}"
EndProject
Global
	GlobalSection(SolutionConfigurationPlatforms) = preSolution
		Debug|x64 = Debug|x64
		Debug|x86 = Debug|x86
		Release|x64 = Release|x64
		Release|x86 = Release|x86
	EndGlobalSection
	GlobalSection(ProjectConfigurationPlatforms) = postSolution
		{401CF65D-F971-40AA-80BD-C9947AD8EEB8}.Debug|x64.ActiveCfg = Debug|x64
		{401CF65D-F971-40AA-80BD-C9947AD8EEB8}.Debug|x64.Build.0 = Debug|x64
		{401CF65D-F971-40AA-80BD-C9947AD8EEB8}.Debug|x86.ActiveCfg = Debug|Win32
		{401CF65D-F971-40AA-80BD-C9947AD8EEB8}.Debug|x86.Build.0 = Debug|Win32
		{401CF65D-F971-40AA-80BD-C9947AD8EEB8}.Release|x64.ActiveCfg = Release|x64
		{401CF65D-F971-40AA-80BD-C9947AD8EEB8}.Release|x64.Build.0 = Release|x64
		{401CF65D-F971-40AA-80BD-C9947AD8EEB8}.Release|x86.ActiveCfg = Release|Win32
		{401CF65D-F971-40AA-80BD-C9947AD8EEB8}.Release|x86.Build.0 = Release|Win32
		{5BF2FD08-9A7A-46F2-A119-6DD4471E74D2}.Debug|x64.ActiveCfg = Debug|x64
		{5BF2FD08-9A7A-46F2-A119-6DD4471E74D2}.Debug|x64.Build.0 = Debug|x64
		{5BF2FD08-9A7A-46F2-A119-6DD4471E74D2}.Debug|x86.ActiveCfg = Debug|Win32
		{5BF2FD08-9A7A-46F2-A119-6DD4471E74D2}.Debug|x86.Build.0 = Debug|Win32
		{5BF2FD08-9A7A-46F2-A119-6DD4471E74D2}.Release|x64.ActiveCfg = Release|x64
		{5BF2FD08-9A7A-46F2-A119-6DD4471E74D2}.Release|x64.Build.0 = Release|x64
		{5BF2FD08-9A7A-46F2-A119-6DD4471E74D2}.Release|x86.ActiveCfg = Release|Win32
		{5BF2FD08-9A7A-46F2-A119-6DD4471E74D2}.Release|x86.Build.0 = Release|Win32
		{B09CD887-5415-4237-A3D4-33DAE04DA465}.Debug|x64.ActiveCfg = Debug|x64
		{B09CD887-5415-4237-A3D4-33DAE04DA465}.Debug|x64.Build.0 = Debug|x64
		{B09CD887-5415-4237-A3D4-33DAE04DA465}.Debug|x86.ActiveCfg = Debug|Win32
		{B09CD887-5415-4237-A3D4-33DAE04DA465}.Debug|x86.Build.0 = Debug|Win32
		{B09CD887-5415-4237-A3D4-33DAE04DA465}.Release|x64.ActiveCfg = Release|x64
		{B09CD887-5415-4237-A3D4-33DAE04DA465}.Release|x64.Build.0 = Release|x64
		{B09CD887-5415-4237-A3D4-33DAE04DA465}.Release|x86.ActiveCfg = Release|Win32
		{B09CD887-5415-4237-A3D4-33DAE04DA465}.Release|x86.Build.0 = Release|Win32
		{FB384FD8-20B2-41B9-B5BD-7AF237B3D635}.Debug|x64.ActiveCfg = Debug|x64
		{FB384FD8-20B2-41B9-B5BD-7AF237B3D635}.Debug|x64.Build.0 = Debug|x64
		{FB384FD8-20B2-41B9-B5BD-7AF237B3D635}.Debug|x86.ActiveCfg = Debug|Win32
		{FB384FD8-20B2-41B9-B5BD-7AF237B3D635}.Debug|x86.Build.0 = Debug|Win32
		{FB384FD8-20B2-41B9-B5BD-7AF237B3D635}.Release|x64.ActiveCfg = Release|x64
		{FB384FD8-20B2-41B9-B5BD-7AF237B3D635}.Release|x64.Build.0 = Release|x64
		{FB384FD8-20B2-41B9-B5BD-7AF237B3D635}.Release|x86.ActiveCfg = Release|Win32
		{FB384FD8-20B2-41B9-B5BD-7AF237B3D635}.Release|x86.Build.0 = Release|Win32
		{C2AEF808-27FA-484B-ACDE-23CFFAFAB113}.Debug|x64.ActiveCfg = Debug|x64
		{C2AEF808-27FA-484B-ACDE-23CFFAFAB113}.Debug|x64.Build.0 = Debug|x64
		{C2AEF808-27FA-484B-ACDE-23CFFAFAB113}.Debug|x86.ActiveCfg = Debug|Win32
		{C2AEF808-27FA-484B-ACDE-23CFFAFAB113}.Debug|x86.Build.0 = Debug|Win32
		{C2AEF808-27FA-484B-ACDE-23CFFAFAB113}.Release|x64.ActiveCfg = Release|x64
		{C2AEF808-27FA-484B-ACDE-23CFFAFAB113}.Release|x64.Build.0 = Release|x64
		{C2AEF808-27FA-484B-ACDE-23CFFAFAB113}.Release|x86.ActiveCfg = Release|Win32
		{C2AEF808-27FA-484B-ACDE-23CFFAFAB113}.Release|x86.Build.0 = Release|Win32
		{2F34EEFB-B56D-4B9A-B57A-97E37C7CD83F}.Debug|x64.ActiveCfg = Debug|x64
		{2F34EEFB-B56D-4B9A-B57A-97E37C7CD83F}.Debug|x64.Build.0 = Debug|x64
		{2F34EEFB-B56D-4B9A-B57A-97E37C7CD83F}.Debug|x86.ActiveCfg = Debug|Win32
		{2F34EEFB-B56D-4B9A-B57A-97E37C7CD83F}.Debug|x86.Build.0 = Debug|Win32
		{2F34EEFB-B56D-4B9A-B57A-97E37C7CD83F}.Release|x64.ActiveCfg = Release|x64
		{2F34EEFB-B56D-4B9A-B57A-97E37C7CD83F}.Release|x64.Build.0 = Release|x64
		{2F34EEFB-B56D-4B9A-B57A-97E37C7CD83F}.Release|x86.ActiveCfg = Release|Win32
		{2F34EEFB-B56D-4B9A-B57A-97E37C7CD83F}.Release|x86.Build.0 = Release|Win32
		{7E1B7889-A273-43DE-8529-BF7E64CF8FB2}.Debug|x64.ActiveCfg = Debug|x64
		{7E1B7889-A273-43DE-8529-BF7E64CF8FB2}.Debug|x64.Build.0 = Debug|x64
		{7E1B7889-A273-43DE-8529-BF7E64CF8FB2}.Debug|x86.ActiveCfg = Debug|Win32
		{7E1B7889-A273-43DE-8529-BF7E64CF8FB2}.Debug|x86.Build.0 = Debug|Win32
		{7E1B7889-A273-43DE-8529-BF7E64CF8FB2}.Release|x64.ActiveCfg = Release|x64
		{7E1B7889-A273-43DE-8529-BF7E64CF8FB2}.Release|x64.Build.0 = Release|x64
		{7E1B7889-A273-43DE-8529-BF7E64CF8FB2}.Release|x86.ActiveCfg = Release|Win32
		{7E1B7889-A273-43DE-8529-BF7E64CF8FB2}.Release|x86.Build.0 = Release|Win32
		{5818536C-FE13-4C9B-BC93-7A68B42CFF78}.Debug|x64.ActiveCfg = Debug|x64
		{5818536C-FE13-4C9B-BC93-7A68B42CFF78}.Debug|x64.Build.0 = Debug|x64
		{5818536C-FE13-4C9B-BC93-7A68B42CFF78}.Debug|x86.ActiveCfg = Debug|Win32
		{5818536C-FE13-4C9B-BC93-7A68B42CFF78}.Debug|x86.Build.0 = Debug|Win32
		{5818536C-FE13-4C9B-BC93-7A68B42CFF78}.Release|x64.ActiveCfg = Release|x64
		{5818536C-FE13-4C9B-BC93-7A68B42CFF78}.Release|x64.Build.0 = Release|x64
		{5818536C-FE13-4C9B-BC93-7A68B42CFF78}.Release|x86.ActiveCfg = Release|Win32
		{5818536C-FE13-4C9B-BC93-7A68B42CFF78}.Release|x86.Build.0 = Release|Win32
		{13F3F0CE-49C5-4B8E-9F31-FAA4CF47B5C3}.Debug|x64.ActiveCfg = Debug|x64
		{13F3F0CE-49C5-4B8E-9F31-FAA4CF47B5C3}.Debug|x64.Build.0 = Debug|x64
		{13F3F0CE-49C5-4B8E-9F31-FAA4CF47B5C3}.Debug|x86.ActiveCfg = Debug|Win32
		{13F3F0CE-49C5-4B8E-9F31-FAA4CF47B5C3}.Debug|x86.Build.0 = Debug|Win32
		{13F3F0CE-49C5-4B8E-9F31-FAA4CF47B5C3}.Release|x64.ActiveCfg = Release|x64
		{13F3F0CE-49C5-4B8E-9F31-FAA4CF47B5C3}.Release|x64.Build.0 = Release|x64
		{13F3F0CE-49C5-4B8E-9F31-FAA4CF47B5C3}.Release|x86.ActiveCfg = Release|Win32
		{13F3F0CE-49C5-4B8E-9F31-FAA4CF47B5C3}.Release|x86.Build.0 = Release|Win32
		{5EDFF1BA-457D-4744-8E9D-2A3E7A803B21}.Debug|x64.ActiveCfg = Debug|x64
		{5EDFF1BA-457D-4744-8E9D-2A3E7A803B21}.Debug|x64.Build.0 = Debug|x64
		{5EDFF1BA-457D-4744-8E9D-2A3E7A803B21}.Debug|x86.ActiveCfg = Debug|Win32
		{5EDFF1BA-457D-4744-8E9D-2A3E7A803B21}.Debug|x86.Build.0 = Debug|Win32
		{5EDFF1BA-457D-4744-8E9D-2A3E7A803B21}.Release|x64.ActiveCfg = Release|x64
		{5EDFF1BA-457D-4744-8E9D-2A3E7A803B21}.Release|x64.Build.0 = Release|x64
		{5EDFF1BA-457D-4744-8E9D-2A3E7A803B21}.Release|x86.ActiveCfg = Release|Win32
		{5EDFF1BA-457D-4744-8E9D-2A3E7A803B21}.Release|x86.Build.0 = Release|Win32
		{F9D05DEE-EFEE-4532-ACCE-CF9EDEE05226}.Debug|x64.ActiveCfg = Debug|x64
		{F9D05DEE-EFEE-4532-ACCE-CF9EDEE05226}.Debug|x64.Build.0 = Debug|x64
		{F9D05DEE-EFEE-4532-ACCE-CF9EDEE05226}.Debug|x86.ActiveCfg = Debug|Win32
		{F9D05DEE-EFEE-4532-ACCE-CF9EDEE05226}.Debug|x86.Build.0 = Debug|Win32
		{F9D05DEE-EFEE-4532-ACCE-CF9EDEE05226}.Release|x64.ActiveCfg = Release|x64
		{F9D05DEE-EFEE-4532-ACCE-CF9EDEE05226}.Release|x64.Build.0 = Release|x64
		{F9D05DEE-EFEE-4532-ACCE-CF9EDEE05226}.Release|x86.ActiveCfg = Release|Win32
		{F9D05DEE-EFEE-4532-ACCE-CF9EDEE05226}.Release|x86.Build.0 = Release|Win32
		{3E06D4CF-A743-4B6F-8EEF-DE601479988A}.Debug|x64.ActiveCfg = Debug|x64
		{3E06D4CF-A743-4B6F-8EEF-DE601479988A}.Debug|x64.Build.0 = Debug|x64
		{3E06D4CF-A743-4B6F-8EEF-DE601479988A}.Debug|x86.ActiveCfg = Debug|Win32
		{3E06D4CF-A743-4B6F-8EEF-DE601479988A}.Debug|x86.Build.0 = Debug|Win32
		{3E06D4CF-A743-4B6F-8EEF-DE601479988A}.Release|x64.ActiveCfg = Release|x64
		{3E06D4CF-A743-4B6F-8EEF-DE601479988A}.Release|x64.Build.0 = Release|x64
		{3E06D4CF-A743-4B6F-8EEF-DE601479988A}.Release|x86.ActiveCfg = Release|Win32
		{3E06D4CF-A743-4B6F-8EEF-DE601479988A}.Release|x86.Build.0 = Release|Win32
		{B3900050-8CD0-4899-8AB2-92549639FBD0}.Debug|x64.ActiveCfg = Debug|x64
		{B3900050-8CD0-4899-8AB2-92549639FBD0}.Debug|x64.Build.0 = Debug|x64
		{B3900050-8CD0-4899-8AB2-92549639FBD0}.Debug|x86.ActiveCfg = Debug|Win32
		{B3900050-8CD0-4899-8AB2-92549639FBD0}.Debug|x86.Build.0 = Debug|Win32
		{B3900050-8CD0-4899-8AB2-92549639FBD0}.Release|x64.ActiveCfg = Release|x64
		{B3900050-8CD0-4899-8AB2-92549639FBD0}.Release|x64.Build.0 = Release|x64
		{B3900050-8CD0-4899-8AB2-92549639FBD0}.Release|x86.ActiveCfg = Release|Win32
		{B3900050-8CD0-4899-8AB2-92549639FBD0}.Release|x86.Build.0 = Release|Win32
		{8A38ADAA-4767-44EE-90B8-9DC9437A5144}.Debug|x64.ActiveCfg = Debug|x64
		{8A38ADAA-4767-44EE-90B8-9DC9437A5144}.Debug|x64.Build.0 = Debug|x64
		{8A38ADAA-4767-44EE-90B8-9DC9437A5144}.Debug|x86.ActiveCfg = Debug|Win32
		{8A38ADAA-4767-44EE-90B8-9DC9437A5144}.Debug|x86.Build.0 = Debug|Win32
		{8A38ADAA-4767-44EE-90B8-9DC9437A5144}.Release|x64.ActiveCfg = Release|x64
		{8A38ADAA-4767-44EE-90B8-9DC9437A5144}.Release|x64.Build.0 = Release|x64
		{8A38ADAA-4767-44EE-90B8-9DC9437A5144}.Release|x86.ActiveCfg = Release|Win32
		{8A38ADAA-4767-44EE-90B8-9DC9437A5144}.Release|x86.Build.0 = Release|Win32
		{D337F63D-9F32-493A-AE0D-4BC34B8755E3}.Debug|x64.ActiveCfg = Debug|x64
		{D337F63D-9F32-493A-AE0D-4BC34B8755E3}.Debug|x64.Build.0 = Debug|x64
		{D337F63D-9F32-493A-AE0D-4BC34B8755E3}.Debug|x86.ActiveCfg = Debug|Win32
		{D337F63D-9F32-493A-AE0D-4BC34B8755E3}.Debug|x86.Build.0 = Debug|Win32
		{D337F63D-9F32-493A-AE0D-4BC34B8755E3}.Release|x64.ActiveCfg = Release|x64
		{D337F63D-9F32-493A-AE0D-4BC34B8755E3}.Release|x64.Build.0 = Release|x64
		{D337F63D-9F32-493A-AE0D-4BC34B8755E3}.Release|x86.ActiveCfg = Release|Win32
		{D337F63D-9F32-493A-AE0D-4BC34B8755E3}.Release|x86.Build.0 = Release|Win32
		{8F0CE84F-2B65-4161-9255-AE9035608E7B}.Debug|x64.ActiveCfg = Debug|x64
		{8F0CE84F-2B65-4161-9255-AE9035608E7B}.Debug|x64.Build.0 = Debug|x64
		{8F0CE84F-2B65-4161-9255-AE9035608E7B}.Debug|x86.ActiveCfg = Debug|Win32
		{8F0CE84F-2B65-4161-9255-AE9035608E7B}.Debug|x86.Build.0 = Debug|Win32
		{8F0CE84F-2B65-4161-9255-AE9035608E7B}.Release|x64.ActiveCfg = Release|x64
		{8F0CE84F-2B65-4161-9255-AE9035608E7B}.Release|x64.Build.0 = Release|x64
		{8F0CE84F-2B65-4161-9255-AE9035608E7B}.Release|x86.ActiveCfg = Release|Win32
		{8F0CE84F-2B65-4161-9255-AE9035608E7B}.Release|x86.Build.0 = Release|Win32
		{106D21A3-949A-46EA-A897-AAC2463A89E1}.Debug|x64.ActiveCfg = Debug|x64
		{106D21A3-949A-46EA-A897-AAC2463A89E1}.Debug|x64.Build.0 = Debug|x64
		{106D21A3-949A-46EA-A897-AAC2463A89E1}.Debug|x86.ActiveCfg = Debug|Win32
		{106D21A3-949A-46EA-A897-AAC2463A89E1}.Debug|x86.Build.0 = Debug|Win32
		{106D21A3-949A-46EA-A897-AAC2463A89E1}.Release|x64.ActiveCfg = Release|x64
		{106D21A3-949A-46EA-A897-AAC2463A89E1}.Release|x64.Build.0 = Release|x64
		{106D21A3-949A-46EA-A897-AAC2463A89E1}.Release|x86.ActiveCfg = Release|Win32
		{106D21A3-949A-46EA-A897-AAC2463A89E1}.Release|x86.Build.0 = Release|Win32
		{67B2AFF5-7073-4D0A-983F-F61AAE88766A}.Debug|x64.ActiveCfg = Debug|x64
		{67B2AFF5-7073-4D0A-983F-F61AAE88766A}.Debug|x64.Build.0 = Debug|x64
		{67B2AFF5-7073-4D0A-983F-F61AAE88766A}.Debug|x86.ActiveCfg = Debug|Win32
		{67B2AFF5-7073-4D0A-983F-F61AAE88766A}.Debug|x86.Build.0 = Debug|Win32
		{67B2AFF5-7073-4D0A-983F-F61AAE88766A}.Release|x64.ActiveCfg = Release|x64
		{67B2AFF5-7073-4D0A-983F-F61AAE88766A}.Release|x64.Build.0 = Release|x64
		{67B2AFF5-7073-4D0A-983F-F61AAE88766A}.Release|x86.ActiveCfg = Release|Win32
		{67B2AFF5-7073-4D0A-983F-F61AAE88766A}.Release|x86.Build.0 = Release|Win32
		{730300E3-0BB1-458C-8CF9-265CAFB5496B}.Debug|x64.ActiveCfg = Debug|x64
		{730300E3-0BB1-458C-8CF9-265CAFB5496B}.Debug|x64.Build.0 = Debug|x64
		{730300E3-0BB1-458C-8CF9-265CAFB5496B}.Debug|x86.ActiveCfg = Debug|Win32
		{730300E3-0BB1-458C-8CF9-265CAFB5496B}.Debug|x86.Build.0 = Debug|Win32
		{730300E3-0BB1-458C-8CF9-265CAFB5496B}.Release|x64.ActiveCfg = Release|x64
		{730300E3-0BB1-458C-8CF9-265CAFB5496B}.Release|x64.Build.0 = Release|x64
		{730300E3-0BB1-458C-8CF9-265CAFB5496B}.Release|x86.ActiveCfg = Release|Win32
		{730300E3-0BB1-458C-8CF9-265CAFB5496B}.Release|x86.Build.0 = Release|Win32
	EndGlobalSection
	GlobalSection(SolutionProperties) = preSolution
		HideSolutionNode = FALSE
	EndGlobalSection
	GlobalSection(NestedProjects) = preSolution
		{401CF65D-F971-40AA-80BD-C9947AD8EEB8} = {CF5ADE6E-1367-47F5-A953-11F6563FA3D0}
		{5BF2FD08-9A7A-46F2-A119-6DD4471E74D2} = {2AF0EB61-90CE-41F8-B6EE-12C21ED70220}
		{B09CD887-5415-4237-A3D4-33DAE04DA465} = {2AF0EB61-90CE-41F8-B6EE-12C21ED70220}
		{FB384FD8-20B2-41B9-B5BD-7AF237B3D635} = {2AF0EB61-90CE-41F8-B6EE-12C21ED70220}
		{C2AEF808-27FA-484B-ACDE-23CFFAFAB113} = {2AF0EB61-90CE-41F8-B6EE-12C21ED70220}
		{2F34EEFB-B56D-4B9A-B57A-97E37C7CD83F} = {2AF0EB61-90CE-41F8-B6EE-12C21ED70220}
		{7E1B7889-A273-43DE-8529-BF7E64CF8FB2} = {2AF0EB61-90CE-41F8-B6EE-12C21ED70220}
		{5818536C-FE13-4C9B-BC93-7A68B42CFF78} = {2AF0EB61-90CE-41F8-B6EE-12C21ED70220}
		{13F3F0CE-49C5-4B8E-9F31-FAA4CF47B5C3} = {2AF0EB61-90CE-41F8-B6EE-12C21ED70220}
		{5EDFF1BA-457D-4744-8E9D-2A3E7A803B21} = {2AF0EB61-90CE-41F8-B6EE-12C21ED70220}
		{F9D05DEE-EFEE-4532-ACCE-CF9EDEE05226} = {2AF0EB61-90CE-41F8-B6EE-12C21ED70220}
		{3E06D4CF-A743-4B6F-8EEF-DE601479988A} = {2AF0EB61-90CE-41F8-B6EE-12C21ED70220}
		{B3900050-8CD0-4899-8AB2-92549639FBD0} = {EEDA61D3-2EDE-4015-83F0-F31227B61D0C}
		{8A38ADAA-4767-44EE-90B8-9DC9437A5144} = {EEDA61D3-2EDE-4015-83F0-F31227B61D0C}
		{D337F63D-9F32-493A-AE0D-4BC34B8755E3} = {EEDA61D3-2EDE-4015-83F0-F31227B61D0C}
		{8F0CE84F-2B65-4161-9255-AE9035608E7B} = {EEDA61D3-2EDE-4015-83F0-F31227B61D0C}
		{106D21A3-949A-46EA-A897-AAC2463A89E1} = {EEDA61D3-2EDE-4015-83F0-F31227B61D0C}
		{67B2AFF5-7073-4D0A-983F-F61AAE88766A} = {13CCFDC2-1FD5-4CA1-93B1-FC4FE80B7F86}
		{730300E3-0BB1-458C-8CF9-265CAFB5496B} = {EEDA61D3-2EDE-4015-83F0-F31227B61D0C}
	EndGlobalSection
	GlobalSection(ExtensibilityGlobals) = postSolution
		SolutionGuid = {327284FD-6D42-497F-9ABB-00F3CA39CE04}
	EndGlobalSection
EndGlobal
